
Microsoft Visual Studio Solution File, Format Version 11.00
# Visual Studio 2010
Project("{FAE04EC0-301F-11D3-BF4B-00C04F79EFBC}") = "Ninject.Extensions.DependencyCreation", "src\Ninject.Extensions.DependencyCreation\Ninject.Extensions.DependencyCreation.csproj", "{E47C6CD3-F960-46AE-81F0-CF24FD4A3EB7}"
EndProject
Project("{FAE04EC0-301F-11D3-BF4B-00C04F79EFBC}") = "Ninject.Extensions.DependencyCreation.Test", "src\Ninject.Extensions.DependencyCreation.Test\Ninject.Extensions.DependencyCreation.Test.csproj", "{FC547AF3-7BF2-4D45-9DBC-F23BAFAFDF25}"
EndProject
Global
	GlobalSection(SolutionConfigurationPlatforms) = preSolution
		Debug|Any CPU = Debug|Any CPU
		Release|Any CPU = Release|Any CPU
	EndGlobalSection
	GlobalSection(ProjectConfigurationPlatforms) = postSolution
		{E47C6CD3-F960-46AE-81F0-CF24FD4A3EB7}.Debug|Any CPU.ActiveCfg = Debug|Any CPU
		{E47C6CD3-F960-46AE-81F0-CF24FD4A3EB7}.Debug|Any CPU.Build.0 = Debug|Any CPU
		{E47C6CD3-F960-46AE-81F0-CF24FD4A3EB7}.Release|Any CPU.ActiveCfg = Release|Any CPU
		{E47C6CD3-F960-46AE-81F0-CF24FD4A3EB7}.Release|Any CPU.Build.0 = Release|Any CPU
		{FC547AF3-7BF2-4D45-9DBC-F23BAFAFDF25}.Debug|Any CPU.ActiveCfg = Debug|Any CPU
		{FC547AF3-7BF2-4D45-9DBC-F23BAFAFDF25}.Debug|Any CPU.Build.0 = Debug|Any CPU
		{FC547AF3-7BF2-4D45-9DBC-F23BAFAFDF25}.Release|Any CPU.ActiveCfg = Release|Any CPU
		{FC547AF3-7BF2-4D45-9DBC-F23BAFAFDF25}.Release|Any CPU.Build.0 = Release|Any CPU
	EndGlobalSection
	GlobalSection(SolutionProperties) = preSolution
		HideSolutionNode = FALSE
	EndGlobalSection
EndGlobal
